
Microsoft Visual Studio Solution File, Format Version 12.00
# Visual Studio Version 16
VisualStudioVersion = 16.0.31005.135
MinimumVisualStudioVersion = 10.0.40219.1
Project("{FAE04EC0-301F-11D3-BF4B-00C04F79EFBC}") = "TestGenerator", "TestGenerator.csproj", "{81499E07-2290-40DC-B6E6-E9759A054769}"
EndProject
Project("{FAE04EC0-301F-11D3-BF4B-00C04F79EFBC}") = "Application", "..\Application\Application.csproj", "{1602A3F4-8958-4587-AB84-C368577E0FFD}"
EndProject
Project("{FAE04EC0-301F-11D3-BF4B-00C04F79EFBC}") = "Tests", "..\Tests\Tests.csproj", "{8BAE32C8-A608-4C5E-9C7E-09F3B646B061}"
EndProject
Project("{2150E333-8FDC-42A3-9474-1A3956D46DE8}") = "ResultOfGeneration", "ResultOfGeneration", "{9E463F8D-6A37-4A9E-BE67-A659919B5207}"
EndProject
Global
	GlobalSection(SolutionConfigurationPlatforms) = preSolution
		Debug|Any CPU = Debug|Any CPU
		Release|Any CPU = Release|Any CPU
	EndGlobalSection
	GlobalSection(ProjectConfigurationPlatforms) = postSolution
		{81499E07-2290-40DC-B6E6-E9759A054769}.Debug|Any CPU.ActiveCfg = Debug|Any CPU
		{81499E07-2290-40DC-B6E6-E9759A054769}.Debug|Any CPU.Build.0 = Debug|Any CPU
		{81499E07-2290-40DC-B6E6-E9759A054769}.Release|Any CPU.ActiveCfg = Release|Any CPU
		{81499E07-2290-40DC-B6E6-E9759A054769}.Release|Any CPU.Build.0 = Release|Any CPU
		{1602A3F4-8958-4587-AB84-C368577E0FFD}.Debug|Any CPU.ActiveCfg = Debug|Any CPU
		{1602A3F4-8958-4587-AB84-C368577E0FFD}.Debug|Any CPU.Build.0 = Debug|Any CPU
		{1602A3F4-8958-4587-AB84-C368577E0FFD}.Release|Any CPU.ActiveCfg = Release|Any CPU
		{1602A3F4-8958-4587-AB84-C368577E0FFD}.Release|Any CPU.Build.0 = Release|Any CPU
		{8BAE32C8-A608-4C5E-9C7E-09F3B646B061}.Debug|Any CPU.ActiveCfg = Debug|Any CPU
		{8BAE32C8-A608-4C5E-9C7E-09F3B646B061}.Debug|Any CPU.Build.0 = Debug|Any CPU
		{8BAE32C8-A608-4C5E-9C7E-09F3B646B061}.Release|Any CPU.ActiveCfg = Release|Any CPU
		{8BAE32C8-A608-4C5E-9C7E-09F3B646B061}.Release|Any CPU.Build.0 = Release|Any CPU
	EndGlobalSection
	GlobalSection(SolutionProperties) = preSolution
		HideSolutionNode = FALSE
	EndGlobalSection
	GlobalSection(ExtensibilityGlobals) = postSolution
		SolutionGuid = {8E47CDF0-3CC2-4996-A8C1-9584022BC319}
	EndGlobalSection
EndGlobal
